
Microsoft Visual Studio Solution File, Format Version 11.00
# Visual Studio 2010
Project("{FAE04EC0-301F-11D3-BF4B-00C04F79EFBC}") = "Assembly-CSharp", "Assembly-CSharp.csproj", "{5982150d-8cef-1b0f-b9b3-843ffa152e56}"
EndProject
Project("{FAE04EC0-301F-11D3-BF4B-00C04F79EFBC}") = "Assembly-CSharp-Editor-firstpass", "Assembly-CSharp-Editor-firstpass.csproj", "{8f9e3e3b-7f5e-b5f9-5b1f-7d9db8623619}"
EndProject
Project("{FAE04EC0-301F-11D3-BF4B-00C04F79EFBC}") = "Assembly-CSharp-Editor", "Assembly-CSharp-Editor.csproj", "{d6014fa4-98d5-8353-baf7-8a598e2e8ead}"
EndProject
Global
	GlobalSection(SolutionConfigurationPlatforms) = preSolution
		Debug|Any CPU = Debug|Any CPU
		Release|Any CPU = Release|Any CPU
	EndGlobalSection
	GlobalSection(ProjectConfigurationPlatforms) = postSolution
		{5982150d-8cef-1b0f-b9b3-843ffa152e56}.Debug|Any CPU.ActiveCfg = Debug|Any CPU
		{5982150d-8cef-1b0f-b9b3-843ffa152e56}.Debug|Any CPU.Build.0 = Debug|Any CPU
		{5982150d-8cef-1b0f-b9b3-843ffa152e56}.Release|Any CPU.ActiveCfg = Release|Any CPU
		{5982150d-8cef-1b0f-b9b3-843ffa152e56}.Release|Any CPU.Build.0 = Release|Any CPU
		{8f9e3e3b-7f5e-b5f9-5b1f-7d9db8623619}.Debug|Any CPU.ActiveCfg = Debug|Any CPU
		{8f9e3e3b-7f5e-b5f9-5b1f-7d9db8623619}.Debug|Any CPU.Build.0 = Debug|Any CPU
		{8f9e3e3b-7f5e-b5f9-5b1f-7d9db8623619}.Release|Any CPU.ActiveCfg = Release|Any CPU
		{8f9e3e3b-7f5e-b5f9-5b1f-7d9db8623619}.Release|Any CPU.Build.0 = Release|Any CPU
		{d6014fa4-98d5-8353-baf7-8a598e2e8ead}.Debug|Any CPU.ActiveCfg = Debug|Any CPU
		{d6014fa4-98d5-8353-baf7-8a598e2e8ead}.Debug|Any CPU.Build.0 = Debug|Any CPU
		{d6014fa4-98d5-8353-baf7-8a598e2e8ead}.Release|Any CPU.ActiveCfg = Release|Any CPU
		{d6014fa4-98d5-8353-baf7-8a598e2e8ead}.Release|Any CPU.Build.0 = Release|Any CPU
	EndGlobalSection
	GlobalSection(SolutionProperties) = preSolution
		HideSolutionNode = FALSE
	EndGlobalSection
EndGlobal
